
Microsoft Visual Studio Solution File, Format Version 12.00
# Visual Studio Version 17
VisualStudioVersion = 17.10.34928.147
MinimumVisualStudioVersion = 10.0.40219.1
Project("{9A19103F-16F7-4668-BE54-9A1E7A4F7556}") = "Function", "Function.csproj", "{79ED582D-2629-4191-BF19-4962BC6C6EC5}"
EndProject
Project("{FAE04EC0-301F-11D3-BF4B-00C04F79EFBC}") = "FunctionTest", "..\FunctionTest\FunctionTest.csproj", "{30063EDE-43D6-4451-A811-8C0D02A95DC6}"
EndProject
Global
	GlobalSection(SolutionConfigurationPlatforms) = preSolution
		Debug|Any CPU = Debug|Any CPU
		Release|Any CPU = Release|Any CPU
	EndGlobalSection
	GlobalSection(ProjectConfigurationPlatforms) = postSolution
		{79ED582D-2629-4191-BF19-4962BC6C6EC5}.Debug|Any CPU.ActiveCfg = Debug|Any CPU
		{79ED582D-2629-4191-BF19-4962BC6C6EC5}.Debug|Any CPU.Build.0 = Debug|Any CPU
		{79ED582D-2629-4191-BF19-4962BC6C6EC5}.Release|Any CPU.ActiveCfg = Release|Any CPU
		{79ED582D-2629-4191-BF19-4962BC6C6EC5}.Release|Any CPU.Build.0 = Release|Any CPU
		{30063EDE-43D6-4451-A811-8C0D02A95DC6}.Debug|Any CPU.ActiveCfg = Debug|Any CPU
		{30063EDE-43D6-4451-A811-8C0D02A95DC6}.Debug|Any CPU.Build.0 = Debug|Any CPU
		{30063EDE-43D6-4451-A811-8C0D02A95DC6}.Release|Any CPU.ActiveCfg = Release|Any CPU
		{30063EDE-43D6-4451-A811-8C0D02A95DC6}.Release|Any CPU.Build.0 = Release|Any CPU
	EndGlobalSection
	GlobalSection(SolutionProperties) = preSolution
		HideSolutionNode = FALSE
	EndGlobalSection
	GlobalSection(ExtensibilityGlobals) = postSolution
		SolutionGuid = {21A2F8AF-0B5E-4DA4-A10A-69922F8804A4}
	EndGlobalSection
EndGlobal
